PODS:
  - FoldingCell (3.0.3)
  - SnapKit (4.0.0)
  - Spring (1.0.5)

DEPENDENCIES:
  - FoldingCell
  - SnapKit
  - Spring

SPEC CHECKSUMS:
  FoldingCell: 76ce5d1ddba34c6d25548b473b7b51585e992da0
  SnapKit: a42d492c16e80209130a3379f73596c3454b7694
  Spring: 17901566c8ecf3a1327902b940406c64512f9bb1

PODFILE CHECKSUM: 2749feb1776673b221a4f90fdd879cca2d85675a

COCOAPODS: 1.3.1
