// !$*UTF8*$!
{
	archiveVersion = 1;
	classes = {
	};
	objectVersion = 50;
	objects = {

/* Begin PBXBuildFile section */
		B25F8CE121CA39CD00166686 /* AppDelegate.m in Sources */ = {isa = PBXBuildFile; fileRef = B25F8CE021CA39CD00166686 /* AppDelegate.m */; };
		B25F8CE421CA39CD00166686 /* ViewController.m in Sources */ = {isa = PBXBuildFile; fileRef = B25F8CE321CA39CD00166686 /* ViewController.m */; };
		B25F8CE721CA39CD00166686 /* Main.storyboard in Resources */ = {isa = PBXBuildFile; fileRef = B25F8CE521CA39CD00166686 /* Main.storyboard */; };
		B25F8CE921CA39CF00166686 /* Assets.xcassets in Resources */ = {isa = PBXBuildFile; fileRef = B25F8CE821CA39CF00166686 /* Assets.xcassets */; };
		B25F8CEC21CA39CF00166686 /* LaunchScreen.storyboard in Resources */ = {isa = PBXBuildFile; fileRef = B25F8CEA21CA39CF00166686 /* LaunchScreen.storyboard */; };
		B25F8CEF21CA39CF00166686 /* main.m in Sources */ = {isa = PBXBuildFile; fileRef = B25F8CEE21CA39CF00166686 /* main.m */; };
		B25F8CF921CA39CF00166686 /* DTPluginsTests.m in Sources */ = {isa = PBXBuildFile; fileRef = B25F8CF821CA39CF00166686 /* DTPluginsTests.m */; };
		B25F8D0921CA3CE200166686 /* DTPopoverViewDemo.m in Sources */ = {isa = PBXBuildFile; fileRef = B25F8D0821CA3CE200166686 /* DTPopoverViewDemo.m */; };
		B2BCE1F222B8D8F5002C2282 /* DTTextView.m in Sources */ = {isa = PBXBuildFile; fileRef = B2BCE1F122B8D8F5002C2282 /* DTTextView.m */; };
		B2BCE1F522B8D979002C2282 /* DTTextViewController.m in Sources */ = {isa = PBXBuildFile; fileRef = B2BCE1F422B8D979002C2282 /* DTTextViewController.m */; };
		B2BCE1F822B9DAFC002C2282 /* DTButton.m in Sources */ = {isa = PBXBuildFile; fileRef = B2BCE1F722B9DAFC002C2282 /* DTButton.m */; };
		B2DE4D83224F6846000752B4 /* DTPopoverView.m in Sources */ = {isa = PBXBuildFile; fileRef = B2DE4D81224F6846000752B4 /* DTPopoverView.m */; };
		B2DE4D8A224F6D75000752B4 /* MQButtonController.m in Sources */ = {isa = PBXBuildFile; fileRef = B2DE4D89224F6D75000752B4 /* MQButtonController.m */; };
		B2E56A7F22E1A9EE00AB8D16 /* DTScratchCard.m in Sources */ = {isa = PBXBuildFile; fileRef = B2E56A7D22E1A9EE00AB8D16 /* DTScratchCard.m */; };
		B2E56A8222E1AA2200AB8D16 /* DTScratchViewController.m in Sources */ = {isa = PBXBuildFile; fileRef = B2E56A8122E1AA2200AB8D16 /* DTScratchViewController.m */; };
		B40723CF98457825E282E4C9 /* Pods_DTPlugins.framework in Frameworks */ = {isa = PBXBuildFile; fileRef = 74C9B5F6D4877983FA813F07 /* Pods_DTPlugins.framework */; };
/* End PBXBuildFile section */

/* Begin PBXContainerItemProxy section */
		B25F8CF521CA39CF00166686 /* PBXContainerItemProxy */ = {
			isa = PBXContainerItemProxy;
			containerPortal = B25F8CD421CA39CD00166686 /* Project object */;
			proxyType = 1;
			remoteGlobalIDString = B25F8CDB21CA39CD00166686;
			remoteInfo = DTPlugins;
		};
/* End PBXContainerItemProxy section */

/* Begin PBXFileReference section */
		644AAB8D76201A4F7101E2D8 /* Pods-DTPlugins.debug.xcconfig */ = {isa = PBXFileReference; includeInIndex = 1; lastKnownFileType = text.xcconfig; name = "Pods-DTPlugins.debug.xcconfig"; path = "Pods/Target Support Files/Pods-DTPlugins/Pods-DTPlugins.debug.xcconfig"; sourceTree = "<group>"; };
		74C9B5F6D4877983FA813F07 /* Pods_DTPlugins.framework */ = {isa = PBXFileReference; explicitFileType = wrapper.framework; includeInIndex = 0; path = Pods_DTPlugins.framework; sourceTree = BUILT_PRODUCTS_DIR; };
		B242627B2254585500417DAB /* DTPlugins.pch */ = {isa = PBXFileReference; lastKnownFileType = sourcecode.c.h; path = DTPlugins.pch; sourceTree = "<group>"; };
		B25F8CDC21CA39CD00166686 /* DTPlugins.app */ = {isa = PBXFileReference; explicitFileType = wrapper.application; includeInIndex = 0; path = DTPlugins.app; sourceTree = BUILT_PRODUCTS_DIR; };
		B25F8CDF21CA39CD00166686 /* AppDelegate.h */ = {isa = PBXFileReference; lastKnownFileType = sourcecode.c.h; path = AppDelegate.h; sourceTree = "<group>"; };
		B25F8CE021CA39CD00166686 /* AppDelegate.m */ = {isa = PBXFileReference; lastKnownFileType = sourcecode.c.objc; path = AppDelegate.m; sourceTree = "<group>"; };
		B25F8CE221CA39CD00166686 /* ViewController.h */ = {isa = PBXFileReference; lastKnownFileType = sourcecode.c.h; path = ViewController.h; sourceTree = "<group>"; };
		B25F8CE321CA39CD00166686 /* ViewController.m */ = {isa = PBXFileReference; lastKnownFileType = sourcecode.c.objc; path = ViewController.m; sourceTree = "<group>"; };
		B25F8CE621CA39CD00166686 /* Base */ = {isa = PBXFileReference; lastKnownFileType = file.storyboard; name = Base; path = Base.lproj/Main.storyboard; sourceTree = "<group>"; };
		B25F8CE821CA39CF00166686 /* Assets.xcassets */ = {isa = PBXFileReference; lastKnownFileType = folder.assetcatalog; path = Assets.xcassets; sourceTree = "<group>"; };
		B25F8CEB21CA39CF00166686 /* Base */ = {isa = PBXFileReference; lastKnownFileType = file.storyboard; name = Base; path = Base.lproj/LaunchScreen.storyboard; sourceTree = "<group>"; };
		B25F8CED21CA39CF00166686 /* Info.plist */ = {isa = PBXFileReference; lastKnownFileType = text.plist.xml; path = Info.plist; sourceTree = "<group>"; };
		B25F8CEE21CA39CF00166686 /* main.m */ = {isa = PBXFileReference; lastKnownFileType = sourcecode.c.objc; path = main.m; sourceTree = "<group>"; };
		B25F8CF421CA39CF00166686 /* DTPluginsTests.xctest */ = {isa = PBXFileReference; explicitFileType = wrapper.cfbundle; includeInIndex = 0; path = DTPluginsTests.xctest; sourceTree = BUILT_PRODUCTS_DIR; };
		B25F8CF821CA39CF00166686 /* DTPluginsTests.m */ = {isa = PBXFileReference; lastKnownFileType = sourcecode.c.objc; path = DTPluginsTests.m; sourceTree = "<group>"; };
		B25F8CFA21CA39CF00166686 /* Info.plist */ = {isa = PBXFileReference; lastKnownFileType = text.plist.xml; path = Info.plist; sourceTree = "<group>"; };
		B25F8D0721CA3CE200166686 /* DTPopoverViewDemo.h */ = {isa = PBXFileReference; lastKnownFileType = sourcecode.c.h; path = DTPopoverViewDemo.h; sourceTree = "<group>"; };
		B25F8D0821CA3CE200166686 /* DTPopoverViewDemo.m */ = {isa = PBXFileReference; lastKnownFileType = sourcecode.c.objc; path = DTPopoverViewDemo.m; sourceTree = "<group>"; };
		B2BCE1F022B8D8F5002C2282 /* DTTextView.h */ = {isa = PBXFileReference; fileEncoding = 4; lastKnownFileType = sourcecode.c.h; path = DTTextView.h; sourceTree = "<group>"; };
		B2BCE1F122B8D8F5002C2282 /* DTTextView.m */ = {isa = PBXFileReference; fileEncoding = 4; lastKnownFileType = sourcecode.c.objc; path = DTTextView.m; sourceTree = "<group>"; };
		B2BCE1F322B8D979002C2282 /* DTTextViewController.h */ = {isa = PBXFileReference; lastKnownFileType = sourcecode.c.h; path = DTTextViewController.h; sourceTree = "<group>"; };
		B2BCE1F422B8D979002C2282 /* DTTextViewController.m */ = {isa = PBXFileReference; lastKnownFileType = sourcecode.c.objc; path = DTTextViewController.m; sourceTree = "<group>"; };
		B2BCE1F622B9DAFC002C2282 /* DTButton.h */ = {isa = PBXFileReference; lastKnownFileType = sourcecode.c.h; path = DTButton.h; sourceTree = "<group>"; };
		B2BCE1F722B9DAFC002C2282 /* DTButton.m */ = {isa = PBXFileReference; lastKnownFileType = sourcecode.c.objc; path = DTButton.m; sourceTree = "<group>"; };
		B2DE4D81224F6846000752B4 /* DTPopoverView.m */ = {isa = PBXFileReference; fileEncoding = 4; lastKnownFileType = sourcecode.c.objc; path = DTPopoverView.m; sourceTree = "<group>"; };
		B2DE4D82224F6846000752B4 /* DTPopoverView.h */ = {isa = PBXFileReference; fileEncoding = 4; lastKnownFileType = sourcecode.c.h; path = DTPopoverView.h; sourceTree = "<group>"; };
		B2DE4D88224F6D75000752B4 /* MQButtonController.h */ = {isa = PBXFileReference; lastKnownFileType = sourcecode.c.h; path = MQButtonController.h; sourceTree = "<group>"; };
		B2DE4D89224F6D75000752B4 /* MQButtonController.m */ = {isa = PBXFileReference; lastKnownFileType = sourcecode.c.objc; path = MQButtonController.m; sourceTree = "<group>"; };
		B2E56A7D22E1A9EE00AB8D16 /* DTScratchCard.m */ = {isa = PBXFileReference; fileEncoding = 4; lastKnownFileType = sourcecode.c.objc; path = DTScratchCard.m; sourceTree = "<group>"; };
		B2E56A7E22E1A9EE00AB8D16 /* DTScratchCard.h */ = {isa = PBXFileReference; fileEncoding = 4; lastKnownFileType = sourcecode.c.h; path = DTScratchCard.h; sourceTree = "<group>"; };
		B2E56A8022E1AA2200AB8D16 /* DTScratchViewController.h */ = {isa = PBXFileReference; lastKnownFileType = sourcecode.c.h; path = DTScratchViewController.h; sourceTree = "<group>"; };
		B2E56A8122E1AA2200AB8D16 /* DTScratchViewController.m */ = {isa = PBXFileReference; lastKnownFileType = sourcecode.c.objc; path = DTScratchViewController.m; sourceTree = "<group>"; };
		F0BC8793C41223506CB96D6D /* Pods-DTPlugins.release.xcconfig */ = {isa = PBXFileReference; includeInIndex = 1; lastKnownFileType = text.xcconfig; name = "Pods-DTPlugins.release.xcconfig"; path = "Pods/Target Support Files/Pods-DTPlugins/Pods-DTPlugins.release.xcconfig"; sourceTree = "<group>"; };
/* End PBXFileReference section */

/* Begin PBXFrameworksBuildPhase section */
		B25F8CD921CA39CD00166686 /* Frameworks */ = {
			isa = PBXFrameworksBuildPhase;
			buildActionMask = 2147483647;
			files = (
				B40723CF98457825E282E4C9 /* Pods_DTPlugins.framework in Frameworks */,
			);
			runOnlyForDeploymentPostprocessing = 0;
		};
		B25F8CF121CA39CF00166686 /* Frameworks */ = {
			isa = PBXFrameworksBuildPhase;
			buildActionMask = 2147483647;
			files = (
			);
			runOnlyForDeploymentPostprocessing = 0;
		};
/* End PBXFrameworksBuildPhase section */

/* Begin PBXGroup section */
		01E10E2126AC9FD57C2FE975 /* Frameworks */ = {
			isa = PBXGroup;
			children = (
				74C9B5F6D4877983FA813F07 /* Pods_DTPlugins.framework */,
			);
			name = Frameworks;
			sourceTree = "<group>";
		};
		B25F8CD321CA39CD00166686 = {
			isa = PBXGroup;
			children = (
				B25F8CDE21CA39CD00166686 /* DTPlugins */,
				B25F8CF721CA39CF00166686 /* DTPluginsTests */,
				B25F8CDD21CA39CD00166686 /* Products */,
				C9E10834BCD243EE0C39EA2F /* Pods */,
				01E10E2126AC9FD57C2FE975 /* Frameworks */,
			);
			sourceTree = "<group>";
		};
		B25F8CDD21CA39CD00166686 /* Products */ = {
			isa = PBXGroup;
			children = (
				B25F8CDC21CA39CD00166686 /* DTPlugins.app */,
				B25F8CF421CA39CF00166686 /* DTPluginsTests.xctest */,
			);
			name = Products;
			sourceTree = "<group>";
		};
		B25F8CDE21CA39CD00166686 /* DTPlugins */ = {
			isa = PBXGroup;
			children = (
				B2E56A7C22E1A9DB00AB8D16 /* DTScratchCard */,
				B2BCE1EF22B8D8E8002C2282 /* DTTextView */,
				B2DE4D84224F6987000752B4 /* DTButton */,
				B25F8D0321CA3B6B00166686 /* DTPopoverView */,
				B25F8CDF21CA39CD00166686 /* AppDelegate.h */,
				B25F8CE021CA39CD00166686 /* AppDelegate.m */,
				B25F8CE221CA39CD00166686 /* ViewController.h */,
				B25F8CE321CA39CD00166686 /* ViewController.m */,
				B25F8CE521CA39CD00166686 /* Main.storyboard */,
				B25F8CE821CA39CF00166686 /* Assets.xcassets */,
				B25F8CEA21CA39CF00166686 /* LaunchScreen.storyboard */,
				B25F8CED21CA39CF00166686 /* Info.plist */,
				B242627B2254585500417DAB /* DTPlugins.pch */,
				B25F8CEE21CA39CF00166686 /* main.m */,
			);
			path = DTPlugins;
			sourceTree = "<group>";
		};
		B25F8CF721CA39CF00166686 /* DTPluginsTests */ = {
			isa = PBXGroup;
			children = (
				B25F8CF821CA39CF00166686 /* DTPluginsTests.m */,
				B25F8CFA21CA39CF00166686 /* Info.plist */,
			);
			path = DTPluginsTests;
			sourceTree = "<group>";
		};
		B25F8D0321CA3B6B00166686 /* DTPopoverView */ = {
			isa = PBXGroup;
			children = (
				B2DE4D82224F6846000752B4 /* DTPopoverView.h */,
				B2DE4D81224F6846000752B4 /* DTPopoverView.m */,
				B25F8D0721CA3CE200166686 /* DTPopoverViewDemo.h */,
				B25F8D0821CA3CE200166686 /* DTPopoverViewDemo.m */,
			);
			path = DTPopoverView;
			sourceTree = "<group>";
		};
		B2BCE1EF22B8D8E8002C2282 /* DTTextView */ = {
			isa = PBXGroup;
			children = (
				B2BCE1F022B8D8F5002C2282 /* DTTextView.h */,
				B2BCE1F122B8D8F5002C2282 /* DTTextView.m */,
				B2BCE1F322B8D979002C2282 /* DTTextViewController.h */,
				B2BCE1F422B8D979002C2282 /* DTTextViewController.m */,
			);
			path = DTTextView;
			sourceTree = "<group>";
		};
		B2DE4D84224F6987000752B4 /* DTButton */ = {
			isa = PBXGroup;
			children = (
				B2DE4D88224F6D75000752B4 /* MQButtonController.h */,
				B2DE4D89224F6D75000752B4 /* MQButtonController.m */,
				B2BCE1F622B9DAFC002C2282 /* DTButton.h */,
				B2BCE1F722B9DAFC002C2282 /* DTButton.m */,
			);
			path = DTButton;
			sourceTree = "<group>";
		};
		B2E56A7C22E1A9DB00AB8D16 /* DTScratchCard */ = {
			isa = PBXGroup;
			children = (
				B2E56A7E22E1A9EE00AB8D16 /* DTScratchCard.h */,
				B2E56A7D22E1A9EE00AB8D16 /* DTScratchCard.m */,
				B2E56A8022E1AA2200AB8D16 /* DTScratchViewController.h */,
				B2E56A8122E1AA2200AB8D16 /* DTScratchViewController.m */,
			);
			path = DTScratchCard;
			sourceTree = "<group>";
		};
		C9E10834BCD243EE0C39EA2F /* Pods */ = {
			isa = PBXGroup;
			children = (
				644AAB8D76201A4F7101E2D8 /* Pods-DTPlugins.debug.xcconfig */,
				F0BC8793C41223506CB96D6D /* Pods-DTPlugins.release.xcconfig */,
			);
			name = Pods;
			sourceTree = "<group>";
		};
/* End PBXGroup section */

/* Begin PBXNativeTarget section */
		B25F8CDB21CA39CD00166686 /* DTPlugins */ = {
			isa = PBXNativeTarget;
			buildConfigurationList = B25F8CFD21CA39CF00166686 /* Build configuration list for PBXNativeTarget "DTPlugins" */;
			buildPhases = (
				F20876FAAE9190D9FF7ED99B /* [CP] Check Pods Manifest.lock */,
				B25F8CD821CA39CD00166686 /* Sources */,
				B25F8CD921CA39CD00166686 /* Frameworks */,
				B25F8CDA21CA39CD00166686 /* Resources */,
				8E3E168EF36A2DB250BE6FD7 /* [CP] Embed Pods Frameworks */,
			);
			buildRules = (
			);
			dependencies = (
			);
			name = DTPlugins;
			productName = DTPlugins;
			productReference = B25F8CDC21CA39CD00166686 /* DTPlugins.app */;
			productType = "com.apple.product-type.application";
		};
		B25F8CF321CA39CF00166686 /* DTPluginsTests */ = {
			isa = PBXNativeTarget;
			buildConfigurationList = B25F8D0021CA39CF00166686 /* Build configuration list for PBXNativeTarget "DTPluginsTests" */;
			buildPhases = (
				B25F8CF021CA39CF00166686 /* Sources */,
				B25F8CF121CA39CF00166686 /* Frameworks */,
				B25F8CF221CA39CF00166686 /* Resources */,
			);
			buildRules = (
			);
			dependencies = (
				B25F8CF621CA39CF00166686 /* PBXTargetDependency */,
			);
			name = DTPluginsTests;
			productName = DTPluginsTests;
			productReference = B25F8CF421CA39CF00166686 /* DTPluginsTests.xctest */;
			productType = "com.apple.product-type.bundle.unit-test";
		};
/* End PBXNativeTarget section */

/* Begin PBXProject section */
		B25F8CD421CA39CD00166686 /* Project object */ = {
			isa = PBXProject;
			attributes = {
				LastUpgradeCheck = 1000;
				ORGANIZATIONNAME = "树妖";
				TargetAttributes = {
					B25F8CDB21CA39CD00166686 = {
						CreatedOnToolsVersion = 10.0;
					};
					B25F8CF321CA39CF00166686 = {
						CreatedOnToolsVersion = 10.0;
						TestTargetID = B25F8CDB21CA39CD00166686;
					};
				};
			};
			buildConfigurationList = B25F8CD721CA39CD00166686 /* Build configuration list for PBXProject "DTPlugins" */;
			compatibilityVersion = "Xcode 9.3";
			developmentRegion = en;
			hasScannedForEncodings = 0;
			knownRegions = (
				en,
				Base,
			);
			mainGroup = B25F8CD321CA39CD00166686;
			productRefGroup = B25F8CDD21CA39CD00166686 /* Products */;
			projectDirPath = "";
			projectRoot = "";
			targets = (
				B25F8CDB21CA39CD00166686 /* DTPlugins */,
				B25F8CF321CA39CF00166686 /* DTPluginsTests */,
			);
		};
/* End PBXProject section */

/* Begin PBXResourcesBuildPhase section */
		B25F8CDA21CA39CD00166686 /* Resources */ = {
			isa = PBXResourcesBuildPhase;
			buildActionMask = 2147483647;
			files = (
				B25F8CEC21CA39CF00166686 /* LaunchScreen.storyboard in Resources */,
				B25F8CE921CA39CF00166686 /* Assets.xcassets in Resources */,
				B25F8CE721CA39CD00166686 /* Main.storyboard in Resources */,
			);
			runOnlyForDeploymentPostprocessing = 0;
		};
		B25F8CF221CA39CF00166686 /* Resources */ = {
			isa = PBXResourcesBuildPhase;
			buildActionMask = 2147483647;
			files = (
			);
			runOnlyForDeploymentPostprocessing = 0;
		};
/* End PBXResourcesBuildPhase section */

/* Begin PBXShellScriptBuildPhase section */
		8E3E168EF36A2DB250BE6FD7 /* [CP] Embed Pods Frameworks */ = {
			isa = PBXShellScriptBuildPhase;
			buildActionMask = 2147483647;
			files = (
			);
			inputPaths = (
				"${SRCROOT}/Pods/Target Support Files/Pods-DTPlugins/Pods-DTPlugins-frameworks.sh",
				"${BUILT_PRODUCTS_DIR}/Masonry/Masonry.framework",
			);
			name = "[CP] Embed Pods Frameworks";
			outputPaths = (
				"${TARGET_BUILD_DIR}/${FRAMEWORKS_FOLDER_PATH}/Masonry.framework",
			);
			runOnlyForDeploymentPostprocessing = 0;
			shellPath = /bin/sh;
			shellScript = "\"${SRCROOT}/Pods/Target Support Files/Pods-DTPlugins/Pods-DTPlugins-frameworks.sh\"\n";
			showEnvVarsInLog = 0;
		};
		F20876FAAE9190D9FF7ED99B /* [CP] Check Pods Manifest.lock */ = {
			isa = PBXShellScriptBuildPhase;
			buildActionMask = 2147483647;
			files = (
			);
			inputPaths = (
				"${PODS_PODFILE_DIR_PATH}/Podfile.lock",
				"${PODS_ROOT}/Manifest.lock",
			);
			name = "[CP] Check Pods Manifest.lock";
			outputPaths = (
				"$(DERIVED_FILE_DIR)/Pods-DTPlugins-checkManifestLockResult.txt",
			);
			runOnlyForDeploymentPostprocessing = 0;
			shellPath = /bin/sh;
			shellScript = "diff \"${PODS_PODFILE_DIR_PATH}/Podfile.lock\" \"${PODS_ROOT}/Manifest.lock\" > /dev/null\nif [ $? != 0 ] ; then\n    # print error to STDERR\n    echo \"error: The sandbox is not in sync with the Podfile.lock. Run 'pod install' or update your CocoaPods installation.\" >&2\n    exit 1\nfi\n# This output is used by Xcode 'outputs' to avoid re-running this script phase.\necho \"SUCCESS\" > \"${SCRIPT_OUTPUT_FILE_0}\"\n";
			showEnvVarsInLog = 0;
		};
/* End PBXShellScriptBuildPhase section */

/* Begin PBXSourcesBuildPhase section */
		B25F8CD821CA39CD00166686 /* Sources */ = {
			isa = PBXSourcesBuildPhase;
			buildActionMask = 2147483647;
			files = (
				B2E56A8222E1AA2200AB8D16 /* DTScratchViewController.m in Sources */,
				B25F8CE421CA39CD00166686 /* ViewController.m in Sources */,
				B25F8D0921CA3CE200166686 /* DTPopoverViewDemo.m in Sources */,
				B25F8CEF21CA39CF00166686 /* main.m in Sources */,
				B2DE4D83224F6846000752B4 /* DTPopoverView.m in Sources */,
				B2DE4D8A224F6D75000752B4 /* MQButtonController.m in Sources */,
				B25F8CE121CA39CD00166686 /* AppDelegate.m in Sources */,
				B2BCE1F822B9DAFC002C2282 /* DTButton.m in Sources */,
				B2BCE1F222B8D8F5002C2282 /* DTTextView.m in Sources */,
				B2E56A7F22E1A9EE00AB8D16 /* DTScratchCard.m in Sources */,
				B2BCE1F522B8D979002C2282 /* DTTextViewController.m in Sources */,
			);
			runOnlyForDeploymentPostprocessing = 0;
		};
		B25F8CF021CA39CF00166686 /* Sources */ = {
			isa = PBXSourcesBuildPhase;
			buildActionMask = 2147483647;
			files = (
				B25F8CF921CA39CF00166686 /* DTPluginsTests.m in Sources */,
			);
			runOnlyForDeploymentPostprocessing = 0;
		};
/* End PBXSourcesBuildPhase section */

/* Begin PBXTargetDependency section */
		B25F8CF621CA39CF00166686 /* PBXTargetDependency */ = {
			isa = PBXTargetDependency;
			target = B25F8CDB21CA39CD00166686 /* DTPlugins */;
			targetProxy = B25F8CF521CA39CF00166686 /* PBXContainerItemProxy */;
		};
/* End PBXTargetDependency section */

/* Begin PBXVariantGroup section */
		B25F8CE521CA39CD00166686 /* Main.storyboard */ = {
			isa = PBXVariantGroup;
			children = (
				B25F8CE621CA39CD00166686 /* Base */,
			);
			name = Main.storyboard;
			sourceTree = "<group>";
		};
		B25F8CEA21CA39CF00166686 /* LaunchScreen.storyboard */ = {
			isa = PBXVariantGroup;
			children = (
				B25F8CEB21CA39CF00166686 /* Base */,
			);
			name = LaunchScreen.storyboard;
			sourceTree = "<group>";
		};
/* End PBXVariantGroup section */

/* Begin XCBuildConfiguration section */
		B25F8CFB21CA39CF00166686 /* Debug */ = {
			isa = XCBuildConfiguration;
			buildSettings = {
				ALWAYS_SEARCH_USER_PATHS = NO;
				CLANG_ANALYZER_NONNULL = YES;
				CLANG_ANALYZER_NUMBER_OBJECT_CONVERSION = YES_AGGRESSIVE;
				CLANG_CXX_LANGUAGE_STANDARD = "gnu++14";
				CLANG_CXX_LIBRARY = "libc++";
				CLANG_ENABLE_MODULES = YES;
				CLANG_ENABLE_OBJC_ARC = YES;
				CLANG_ENABLE_OBJC_WEAK = YES;
				CLANG_WARN_BLOCK_CAPTURE_AUTORELEASING = YES;
				CLANG_WARN_BOOL_CONVERSION = YES;
				CLANG_WARN_COMMA = YES;
				CLANG_WARN_CONSTANT_CONVERSION = YES;
				CLANG_WARN_DEPRECATED_OBJC_IMPLEMENTATIONS = YES;
				CLANG_WARN_DIRECT_OBJC_ISA_USAGE = YES_ERROR;
				CLANG_WARN_DOCUMENTATION_COMMENTS = YES;
				CLANG_WARN_EMPTY_BODY = YES;
				CLANG_WARN_ENUM_CONVERSION = YES;
				CLANG_WARN_INFINITE_RECURSION = YES;
				CLANG_WARN_INT_CONVERSION = YES;
				CLANG_WARN_NON_LITERAL_NULL_CONVERSION = YES;
				CLANG_WARN_OBJC_IMPLICIT_RETAIN_SELF = YES;
				CLANG_WARN_OBJC_LITERAL_CONVERSION = YES;
				CLANG_WARN_OBJC_ROOT_CLASS = YES_ERROR;
				CLANG_WARN_RANGE_LOOP_ANALYSIS = YES;
				CLANG_WARN_STRICT_PROTOTYPES = YES;
				CLANG_WARN_SUSPICIOUS_MOVE = YES;
				CLANG_WARN_UNGUARDED_AVAILABILITY = YES_AGGRESSIVE;
				CLANG_WARN_UNREACHABLE_CODE = YES;
				CLANG_WARN__DUPLICATE_METHOD_MATCH = YES;
				CODE_SIGN_IDENTITY = "iPhone Developer";
				COPY_PHASE_STRIP = NO;
				DEBUG_INFORMATION_FORMAT = dwarf;
				ENABLE_STRICT_OBJC_MSGSEND = YES;
				ENABLE_TESTABILITY = YES;
				GCC_C_LANGUAGE_STANDARD = gnu11;
				GCC_DYNAMIC_NO_PIC = NO;
				GCC_NO_COMMON_BLOCKS = YES;
				GCC_OPTIMIZATION_LEVEL = 0;
				GCC_PREPROCESSOR_DEFINITIONS = (
					"DEBUG=1",
					"$(inherited)",
				);
				GCC_WARN_64_TO_32_BIT_CONVERSION = YES;
				GCC_WARN_ABOUT_RETURN_TYPE = YES_ERROR;
				GCC_WARN_UNDECLARED_SELECTOR = YES;
				GCC_WARN_UNINITIALIZED_AUTOS = YES_AGGRESSIVE;
				GCC_WARN_UNUSED_FUNCTION = YES;
				GCC_WARN_UNUSED_VARIABLE = YES;
				IPHONEOS_DEPLOYMENT_TARGET = 12.0;
				MTL_ENABLE_DEBUG_INFO = INCLUDE_SOURCE;
				MTL_FAST_MATH = YES;
				ONLY_ACTIVE_ARCH = YES;
				SDKROOT = iphoneos;
			};
			name = Debug;
		};
		B25F8CFC21CA39CF00166686 /* Release */ = {
			isa = XCBuildConfiguration;
			buildSettings = {
				ALWAYS_SEARCH_USER_PATHS = NO;
				CLANG_ANALYZER_NONNULL = YES;
				CLANG_ANALYZER_NUMBER_OBJECT_CONVERSION = YES_AGGRESSIVE;
				CLANG_CXX_LANGUAGE_STANDARD = "gnu++14";
				CLANG_CXX_LIBRARY = "libc++";
				CLANG_ENABLE_MODULES = YES;
				CLANG_ENABLE_OBJC_ARC = YES;
				CLANG_ENABLE_OBJC_WEAK = YES;
				CLANG_WARN_BLOCK_CAPTURE_AUTORELEASING = YES;
				CLANG_WARN_BOOL_CONVERSION = YES;
				CLANG_WARN_COMMA = YES;
				CLANG_WARN_CONSTANT_CONVERSION = YES;
				CLANG_WARN_DEPRECATED_OBJC_IMPLEMENTATIONS = YES;
				CLANG_WARN_DIRECT_OBJC_ISA_USAGE = YES_ERROR;
				CLANG_WARN_DOCUMENTATION_COMMENTS = YES;
				CLANG_WARN_EMPTY_BODY = YES;
				CLANG_WARN_ENUM_CONVERSION = YES;
				CLANG_WARN_INFINITE_RECURSION = YES;
				CLANG_WARN_INT_CONVERSION = YES;
				CLANG_WARN_NON_LITERAL_NULL_CONVERSION = YES;
				CLANG_WARN_OBJC_IMPLICIT_RETAIN_SELF = YES;
				CLANG_WARN_OBJC_LITERAL_CONVERSION = YES;
				CLANG_WARN_OBJC_ROOT_CLASS = YES_ERROR;
				CLANG_WARN_RANGE_LOOP_ANALYSIS = YES;
				CLANG_WARN_STRICT_PROTOTYPES = YES;
				CLANG_WARN_SUSPICIOUS_MOVE = YES;
				CLANG_WARN_UNGUARDED_AVAILABILITY = YES_AGGRESSIVE;
				CLANG_WARN_UNREACHABLE_CODE = YES;
				CLANG_WARN__DUPLICATE_METHOD_MATCH = YES;
				CODE_SIGN_IDENTITY = "iPhone Developer";
				COPY_PHASE_STRIP = NO;
				DEBUG_INFORMATION_FORMAT = "dwarf-with-dsym";
				ENABLE_NS_ASSERTIONS = NO;
				ENABLE_STRICT_OBJC_MSGSEND = YES;
				GCC_C_LANGUAGE_STANDARD = gnu11;
				GCC_NO_COMMON_BLOCKS = YES;
				GCC_WARN_64_TO_32_BIT_CONVERSION = YES;
				GCC_WARN_ABOUT_RETURN_TYPE = YES_ERROR;
				GCC_WARN_UNDECLARED_SELECTOR = YES;
				GCC_WARN_UNINITIALIZED_AUTOS = YES_AGGRESSIVE;
				GCC_WARN_UNUSED_FUNCTION = YES;
				GCC_WARN_UNUSED_VARIABLE = YES;
				IPHONEOS_DEPLOYMENT_TARGET = 12.0;
				MTL_ENABLE_DEBUG_INFO = NO;
				MTL_FAST_MATH = YES;
				SDKROOT = iphoneos;
				VALIDATE_PRODUCT = YES;
			};
			name = Release;
		};
		B25F8CFE21CA39CF00166686 /* Debug */ = {
			isa = XCBuildConfiguration;
			baseConfigurationReference = 644AAB8D76201A4F7101E2D8 /* Pods-DTPlugins.debug.xcconfig */;
			buildSettings = {
				ASSETCATALOG_COMPILER_APPICON_NAME = AppIcon;
				CODE_SIGN_STYLE = Automatic;
				DEVELOPMENT_TEAM = 8MFPCVBA88;
				GCC_PRECOMPILE_PREFIX_HEADER = YES;
				GCC_PREFIX_HEADER = "$(SRCROOT)/DTPlugins/DTPlugins.pch";
				INFOPLIST_FILE = DTPlugins/Info.plist;
				IPHONEOS_DEPLOYMENT_TARGET = 11.2;
				LD_RUNPATH_SEARCH_PATHS = (
					"$(inherited)",
					"@executable_path/Frameworks",
				);
				PRODUCT_BUNDLE_IDENTIFIER = ShuYao.DTPlugins;
				PRODUCT_NAME = "$(TARGET_NAME)";
				TARGETED_DEVICE_FAMILY = "1,2";
			};
			name = Debug;
		};
		B25F8CFF21CA39CF00166686 /* Release */ = {
			isa = XCBuildConfiguration;
			baseConfigurationReference = F0BC8793C41223506CB96D6D /* Pods-DTPlugins.release.xcconfig */;
			buildSettings = {
				ASSETCATALOG_COMPILER_APPICON_NAME = AppIcon;
				CODE_SIGN_STYLE = Automatic;
				DEVELOPMENT_TEAM = 8MFPCVBA88;
				GCC_PRECOMPILE_PREFIX_HEADER = YES;
				GCC_PREFIX_HEADER = "$(SRCROOT)/DTPlugins/DTPlugins.pch";
				INFOPLIST_FILE = DTPlugins/Info.plist;
				IPHONEOS_DEPLOYMENT_TARGET = 11.2;
				LD_RUNPATH_SEARCH_PATHS = (
					"$(inherited)",
					"@executable_path/Frameworks",
				);
				PRODUCT_BUNDLE_IDENTIFIER = ShuYao.DTPlugins;
				PRODUCT_NAME = "$(TARGET_NAME)";
				TARGETED_DEVICE_FAMILY = "1,2";
			};
			name = Release;
		};
		B25F8D0121CA39CF00166686 /* Debug */ = {
			isa = XCBuildConfiguration;
			buildSettings = {
				BUNDLE_LOADER = "$(TEST_HOST)";
				CODE_SIGN_STYLE = Automatic;
				INFOPLIST_FILE = DTPluginsTests/Info.plist;
				LD_RUNPATH_SEARCH_PATHS = (
					"$(inherited)",
					"@executable_path/Frameworks",
					"@loader_path/Frameworks",
				);
				PRODUCT_BUNDLE_IDENTIFIER = ShuYao.DTPluginsTests;
				PRODUCT_NAME = "$(TARGET_NAME)";
				TARGETED_DEVICE_FAMILY = "1,2";
				TEST_HOST = "$(BUILT_PRODUCTS_DIR)/DTPlugins.app/DTPlugins";
			};
			name = Debug;
		};
		B25F8D0221CA39CF00166686 /* Release */ = {
			isa = XCBuildConfiguration;
			buildSettings = {
				BUNDLE_LOADER = "$(TEST_HOST)";
				CODE_SIGN_STYLE = Automatic;
				INFOPLIST_FILE = DTPluginsTests/Info.plist;
				LD_RUNPATH_SEARCH_PATHS = (
					"$(inherited)",
					"@executable_path/Frameworks",
					"@loader_path/Frameworks",
				);
				PRODUCT_BUNDLE_IDENTIFIER = ShuYao.DTPluginsTests;
				PRODUCT_NAME = "$(TARGET_NAME)";
				TARGETED_DEVICE_FAMILY = "1,2";
				TEST_HOST = "$(BUILT_PRODUCTS_DIR)/DTPlugins.app/DTPlugins";
			};
			name = Release;
		};
/* End XCBuildConfiguration section */

/* Begin XCConfigurationList section */
		B25F8CD721CA39CD00166686 /* Build configuration list for PBXProject "DTPlugins" */ = {
			isa = XCConfigurationList;
			buildConfigurations = (
				B25F8CFB21CA39CF00166686 /* Debug */,
				B25F8CFC21CA39CF00166686 /* Release */,
			);
			defaultConfigurationIsVisible = 0;
			defaultConfigurationName = Release;
		};
		B25F8CFD21CA39CF00166686 /* Build configuration list for PBXNativeTarget "DTPlugins" */ = {
			isa = XCConfigurationList;
			buildConfigurations = (
				B25F8CFE21CA39CF00166686 /* Debug */,
				B25F8CFF21CA39CF00166686 /* Release */,
			);
			defaultConfigurationIsVisible = 0;
			defaultConfigurationName = Release;
		};
		B25F8D0021CA39CF00166686 /* Build configuration list for PBXNativeTarget "DTPluginsTests" */ = {
			isa = XCConfigurationList;
			buildConfigurations = (
				B25F8D0121CA39CF00166686 /* Debug */,
				B25F8D0221CA39CF00166686 /* Release */,
			);
			defaultConfigurationIsVisible = 0;
			defaultConfigurationName = Release;
		};
/* End XCConfigurationList section */
	};
	rootObject = B25F8CD421CA39CD00166686 /* Project object */;
}
